
Microsoft Visual Studio Solution File, Format Version 12.00
# Visual Studio Version 16
VisualStudioVersion = 16.0.31005.135
MinimumVisualStudioVersion = 10.0.40219.1
Project("{FAE04EC0-301F-11D3-BF4B-00C04F79EFBC}") = "Assignment9Updated", "Assignment9Updated.csproj", "{3F0D81D9-008C-4FED-80ED-D6020E85CE41}"
EndProject
Global
	GlobalSection(SolutionConfigurationPlatforms) = preSolution
		Debug|Any CPU = Debug|Any CPU
		Release|Any CPU = Release|Any CPU
	EndGlobalSection
	GlobalSection(ProjectConfigurationPlatforms) = postSolution
		{3F0D81D9-008C-4FED-80ED-D6020E85CE41}.Debug|Any CPU.ActiveCfg = Debug|Any CPU
		{3F0D81D9-008C-4FED-80ED-D6020E85CE41}.Debug|Any CPU.Build.0 = Debug|Any CPU
		{3F0D81D9-008C-4FED-80ED-D6020E85CE41}.Release|Any CPU.ActiveCfg = Release|Any CPU
		{3F0D81D9-008C-4FED-80ED-D6020E85CE41}.Release|Any CPU.Build.0 = Release|Any CPU
	EndGlobalSection
	GlobalSection(SolutionProperties) = preSolution
		HideSolutionNode = FALSE
	EndGlobalSection
	GlobalSection(ExtensibilityGlobals) = postSolution
		SolutionGuid = {02EF257A-C84E-48C8-9050-C8C109C8597F}
	EndGlobalSection
EndGlobal
